
Microsoft Visual Studio Solution File, Format Version 12.00
# Visual Studio Version 16
VisualStudioVersion = 16.0.29911.84
MinimumVisualStudioVersion = 10.0.40219.1
Project("{FAE04EC0-301F-11D3-BF4B-00C04F79EFBC}") = "Laboratorio02", "Laboratorio02\Laboratorio02.csproj", "{173FE62D-907D-4667-B5F1-BF35BB357770}"
EndProject
Global
	GlobalSection(SolutionConfigurationPlatforms) = preSolution
		Debug|Any CPU = Debug|Any CPU
		Release|Any CPU = Release|Any CPU
	EndGlobalSection
	GlobalSection(ProjectConfigurationPlatforms) = postSolution
		{173FE62D-907D-4667-B5F1-BF35BB357770}.Debug|Any CPU.ActiveCfg = Debug|Any CPU
		{173FE62D-907D-4667-B5F1-BF35BB357770}.Debug|Any CPU.Build.0 = Debug|Any CPU
		{173FE62D-907D-4667-B5F1-BF35BB357770}.Release|Any CPU.ActiveCfg = Release|Any CPU
		{173FE62D-907D-4667-B5F1-BF35BB357770}.Release|Any CPU.Build.0 = Release|Any CPU
	EndGlobalSection
	GlobalSection(SolutionProperties) = preSolution
		HideSolutionNode = FALSE
	EndGlobalSection
	GlobalSection(ExtensibilityGlobals) = postSolution
		SolutionGuid = {7E6925DE-CAAD-4564-A67B-09582EEF6627}
	EndGlobalSection
EndGlobal
